// !$*UTF8*$!
{
	archiveVersion = 1;
	classes = {
	};
	objectVersion = 46;
	objects = {

/* Begin PBXBuildFile section */
		AB0928FA1681C1FB0039704D /* TMDataManager.m in Sources */ = {isa = PBXBuildFile; fileRef = AB0928F71681C1FB0039704D /* TMDataManager.m */; };
		AB0929011681C4E30039704D /* TMGeneralDataManager.m in Sources */ = {isa = PBXBuildFile; fileRef = AB0928FE1681C4E30039704D /* TMGeneralDataManager.m */; };
		AB0929021681C4E30039704D /* TMGeneralDataModel.xcdatamodeld in Sources */ = {isa = PBXBuildFile; fileRef = AB0928FF1681C4E30039704D /* TMGeneralDataModel.xcdatamodeld */; };
		AB09290B1681C52E0039704D /* SenTestingKit.framework in Frameworks */ = {isa = PBXBuildFile; fileRef = AB09290A1681C52E0039704D /* SenTestingKit.framework */; };
		AB09290E1681C52E0039704D /* Foundation.framework in Frameworks */ = {isa = PBXBuildFile; fileRef = AB4D7B241658B0F300B5A2C3 /* Foundation.framework */; };
		AB0929141681C52E0039704D /* InfoPlist.strings in Resources */ = {isa = PBXBuildFile; fileRef = AB0929121681C52E0039704D /* InfoPlist.strings */; };
		AB0929171681C52E0039704D /* TMGeneralUnitTest.m in Sources */ = {isa = PBXBuildFile; fileRef = AB0929161681C52E0039704D /* TMGeneralUnitTest.m */; };
		AB0929221681C6750039704D /* TMGeneralDataManager.m in Sources */ = {isa = PBXBuildFile; fileRef = AB0928FE1681C4E30039704D /* TMGeneralDataManager.m */; };
		AB0929231681C67B0039704D /* TMGeneralDataModel.xcdatamodeld in Sources */ = {isa = PBXBuildFile; fileRef = AB0928FF1681C4E30039704D /* TMGeneralDataModel.xcdatamodeld */; };
		AB09292B1681C7460039704D /* TMDataManager.m in Sources */ = {isa = PBXBuildFile; fileRef = AB0928F71681C1FB0039704D /* TMDataManager.m */; };
		AB09292C1681C8220039704D /* CoreFoundation.framework in Frameworks */ = {isa = PBXBuildFile; fileRef = AB4D7B891658C8B700B5A2C3 /* CoreFoundation.framework */; };
		AB09292D1681C8280039704D /* libPods.a in Frameworks */ = {isa = PBXBuildFile; fileRef = E02939F10EC6492BB21EECC9 /* libPods.a */; };
		AB09292F1681C8A70039704D /* CoreData.framework in Frameworks */ = {isa = PBXBuildFile; fileRef = AB09292E1681C8A70039704D /* CoreData.framework */; };
		AB0929371681DB780039704D /* TMAPIModel.m in Sources */ = {isa = PBXBuildFile; fileRef = AB4D7B3C1658B3B700B5A2C3 /* TMAPIModel.m */; };
		AB0929381681DF4D0039704D /* TMViewController.m in Sources */ = {isa = PBXBuildFile; fileRef = AB4D7B4F1658B3B700B5A2C3 /* TMViewController.m */; };
		AB092939168209370039704D /* TMUITools.m in Sources */ = {isa = PBXBuildFile; fileRef = AB4D7B4D1658B3B700B5A2C3 /* TMUITools.m */; };
		AB09293A1682093B0039704D /* TMTools.m in Sources */ = {isa = PBXBuildFile; fileRef = AB4D7B4B1658B3B700B5A2C3 /* TMTools.m */; };
		AB09293B1682093F0039704D /* TMKeyboardController.m in Sources */ = {isa = PBXBuildFile; fileRef = AB4D7B491658B3B700B5A2C3 /* TMKeyboardController.m */; };
		AB09294416820C1D0039704D /* TMApiData.m in Sources */ = {isa = PBXBuildFile; fileRef = AB4D7B341658B13200B5A2C3 /* TMApiData.m */; };
		AB09294616820C350039704D /* TMAPIWebModel.m in Sources */ = {isa = PBXBuildFile; fileRef = AB4D7B3E1658B3B700B5A2C3 /* TMAPIWebModel.m */; };
		AB09294716820C390039704D /* TMAPIDownloadModel.m in Sources */ = {isa = PBXBuildFile; fileRef = AB4D7B3A1658B3B700B5A2C3 /* TMAPIDownloadModel.m */; };
		AB09294816820C3E0039704D /* TMGlobalModel.m in Sources */ = {isa = PBXBuildFile; fileRef = AB4D7B451658B3B700B5A2C3 /* TMGlobalModel.m */; };
		AB092953168219730039704D /* CoreGraphics.framework in Frameworks */ = {isa = PBXBuildFile; fileRef = AB092952168219730039704D /* CoreGraphics.framework */; };
		AB0929551682199B0039704D /* SystemConfiguration.framework in Frameworks */ = {isa = PBXBuildFile; fileRef = AB0929541682199B0039704D /* SystemConfiguration.framework */; };
		AB092956168219A60039704D /* TMImageCacheControl.m in Sources */ = {isa = PBXBuildFile; fileRef = AB4D7B471658B3B700B5A2C3 /* TMImageCacheControl.m */; };
		AB092959168219DA0039704D /* UIKit.framework in Frameworks */ = {isa = PBXBuildFile; fileRef = AB092958168219DA0039704D /* UIKit.framework */; };
		AB09295D16821A420039704D /* MobileCoreServices.framework in Frameworks */ = {isa = PBXBuildFile; fileRef = AB09295C16821A420039704D /* MobileCoreServices.framework */; };
		AB09873B171C3A560060E191 /* UIKit.framework in Frameworks */ = {isa = PBXBuildFile; fileRef = AB092958168219DA0039704D /* UIKit.framework */; };
		AB09873C171C3A560060E191 /* Foundation.framework in Frameworks */ = {isa = PBXBuildFile; fileRef = AB4D7B241658B0F300B5A2C3 /* Foundation.framework */; };
		AB09873D171C3A560060E191 /* CoreGraphics.framework in Frameworks */ = {isa = PBXBuildFile; fileRef = AB092952168219730039704D /* CoreGraphics.framework */; };
		AB098743171C3A560060E191 /* InfoPlist.strings in Resources */ = {isa = PBXBuildFile; fileRef = AB098741171C3A560060E191 /* InfoPlist.strings */; };
		AB098745171C3A560060E191 /* main.m in Sources */ = {isa = PBXBuildFile; fileRef = AB098744171C3A560060E191 /* main.m */; };
		AB098749171C3A560060E191 /* AppDelegate.m in Sources */ = {isa = PBXBuildFile; fileRef = AB098748171C3A560060E191 /* AppDelegate.m */; };
		AB09874B171C3A560060E191 /* Default.png in Resources */ = {isa = PBXBuildFile; fileRef = AB09874A171C3A560060E191 /* Default.png */; };
		AB09874D171C3A560060E191 /* Default@2x.png in Resources */ = {isa = PBXBuildFile; fileRef = AB09874C171C3A560060E191 /* Default@2x.png */; };
		AB09874F171C3A560060E191 /* Default-568h@2x.png in Resources */ = {isa = PBXBuildFile; fileRef = AB09874E171C3A560060E191 /* Default-568h@2x.png */; };
		AB098756171C3A560060E191 /* SenTestingKit.framework in Frameworks */ = {isa = PBXBuildFile; fileRef = AB09290A1681C52E0039704D /* SenTestingKit.framework */; };
		AB098757171C3A560060E191 /* UIKit.framework in Frameworks */ = {isa = PBXBuildFile; fileRef = AB092958168219DA0039704D /* UIKit.framework */; };
		AB098758171C3A560060E191 /* Foundation.framework in Frameworks */ = {isa = PBXBuildFile; fileRef = AB4D7B241658B0F300B5A2C3 /* Foundation.framework */; };
		AB098760171C3A560060E191 /* InfoPlist.strings in Resources */ = {isa = PBXBuildFile; fileRef = AB09875E171C3A560060E191 /* InfoPlist.strings */; };
		AB098763171C3A560060E191 /* TMGeneralAppTests.m in Sources */ = {isa = PBXBuildFile; fileRef = AB098762171C3A560060E191 /* TMGeneralAppTests.m */; };
		AB09876F171C3B650060E191 /* GlobalModel.m in Sources */ = {isa = PBXBuildFile; fileRef = AB09876A171C3B650060E191 /* GlobalModel.m */; };
		AB098770171C3B650060E191 /* TMAPIWebModelTest.m in Sources */ = {isa = PBXBuildFile; fileRef = AB09876B171C3B650060E191 /* TMAPIWebModelTest.m */; };
		AB098771171C3B650060E191 /* TMGeneralDataManagerTest.m in Sources */ = {isa = PBXBuildFile; fileRef = AB09876C171C3B650060E191 /* TMGeneralDataManagerTest.m */; };
		AB098772171C3B650060E191 /* TMImageCacheControlTest.m in Sources */ = {isa = PBXBuildFile; fileRef = AB09876D171C3B650060E191 /* TMImageCacheControlTest.m */; };
		AB098773171C3B650060E191 /* TMToolTest.m in Sources */ = {isa = PBXBuildFile; fileRef = AB09876E171C3B650060E191 /* TMToolTest.m */; };
		AB098774171C3B8B0060E191 /* libPods.a in Frameworks */ = {isa = PBXBuildFile; fileRef = E02939F10EC6492BB21EECC9 /* libPods.a */; };
		AB098776171C3BFB0060E191 /* TMImageCacheControl.m in Sources */ = {isa = PBXBuildFile; fileRef = AB4D7B471658B3B700B5A2C3 /* TMImageCacheControl.m */; };
		AB098777171C3BFF0060E191 /* TMViewController.m in Sources */ = {isa = PBXBuildFile; fileRef = AB4D7B4F1658B3B700B5A2C3 /* TMViewController.m */; };
		AB098779171C3C080060E191 /* TMGeneralDataManager.m in Sources */ = {isa = PBXBuildFile; fileRef = AB0928FE1681C4E30039704D /* TMGeneralDataManager.m */; };
		AB09877A171C3C0B0060E191 /* TMGeneralDataModel.xcdatamodeld in Sources */ = {isa = PBXBuildFile; fileRef = AB0928FF1681C4E30039704D /* TMGeneralDataModel.xcdatamodeld */; };
		AB09877B171C3C0F0060E191 /* TMApiData.m in Sources */ = {isa = PBXBuildFile; fileRef = AB4D7B341658B13200B5A2C3 /* TMApiData.m */; };
		AB09877D171C3C100060E191 /* TMApiData.m in Sources */ = {isa = PBXBuildFile; fileRef = AB4D7B341658B13200B5A2C3 /* TMApiData.m */; };
		AB09877F171C3C1C0060E191 /* TMAPIDownloadModel.m in Sources */ = {isa = PBXBuildFile; fileRef = AB4D7B3A1658B3B700B5A2C3 /* TMAPIDownloadModel.m */; };
		AB098780171C3C1C0060E191 /* TMAPIModel.m in Sources */ = {isa = PBXBuildFile; fileRef = AB4D7B3C1658B3B700B5A2C3 /* TMAPIModel.m */; };
		AB098781171C3C1C0060E191 /* TMAPIWebModel.m in Sources */ = {isa = PBXBuildFile; fileRef = AB4D7B3E1658B3B700B5A2C3 /* TMAPIWebModel.m */; };
		AB098782171C3C240060E191 /* TMKeyboardController.m in Sources */ = {isa = PBXBuildFile; fileRef = AB4D7B491658B3B700B5A2C3 /* TMKeyboardController.m */; };
		AB098783171C3C240060E191 /* TMTools.m in Sources */ = {isa = PBXBuildFile; fileRef = AB4D7B4B1658B3B700B5A2C3 /* TMTools.m */; };
		AB098784171C3C240060E191 /* TMUITools.m in Sources */ = {isa = PBXBuildFile; fileRef = AB4D7B4D1658B3B700B5A2C3 /* TMUITools.m */; };
		AB098785171C3C290060E191 /* TMGlobalModel.m in Sources */ = {isa = PBXBuildFile; fileRef = AB4D7B451658B3B700B5A2C3 /* TMGlobalModel.m */; };
		AB098786171C3C2E0060E191 /* TMDataManager.m in Sources */ = {isa = PBXBuildFile; fileRef = AB0928F71681C1FB0039704D /* TMDataManager.m */; };
		AB098787171C3C340060E191 /* GTMBase64.m in Sources */ = {isa = PBXBuildFile; fileRef = ABFE8F87168803DF00649E88 /* GTMBase64.m */; };
		AB098788171C3C340060E191 /* GTMStringEncoding.m in Sources */ = {isa = PBXBuildFile; fileRef = ABFE8F841688034700649E88 /* GTMStringEncoding.m */; };
		AB098789171C3D3C0060E191 /* SystemConfiguration.framework in Frameworks */ = {isa = PBXBuildFile; fileRef = AB0929541682199B0039704D /* SystemConfiguration.framework */; };
		AB09878A171C3D3F0060E191 /* CoreGraphics.framework in Frameworks */ = {isa = PBXBuildFile; fileRef = AB092952168219730039704D /* CoreGraphics.framework */; };
		AB09878B171C3D410060E191 /* CoreData.framework in Frameworks */ = {isa = PBXBuildFile; fileRef = AB09292E1681C8A70039704D /* CoreData.framework */; };
		AB09878C171C3D470060E191 /* CoreFoundation.framework in Frameworks */ = {isa = PBXBuildFile; fileRef = AB4D7B891658C8B700B5A2C3 /* CoreFoundation.framework */; };
		AB09878D171C3E3C0060E191 /* TMGeneralDataModel.xcdatamodeld in Sources */ = {isa = PBXBuildFile; fileRef = AB0928FF1681C4E30039704D /* TMGeneralDataModel.xcdatamodeld */; };
		AB09878E171C3E400060E191 /* TMGeneralDataManager.m in Sources */ = {isa = PBXBuildFile; fileRef = AB0928FE1681C4E30039704D /* TMGeneralDataManager.m */; };
		AB09878F171C3E5A0060E191 /* CoreData.framework in Frameworks */ = {isa = PBXBuildFile; fileRef = AB09292E1681C8A70039704D /* CoreData.framework */; };
		AB098790171C3E640060E191 /* MobileCoreServices.framework in Frameworks */ = {isa = PBXBuildFile; fileRef = AB09295C16821A420039704D /* MobileCoreServices.framework */; };
		AB098791171C3E640060E191 /* SystemConfiguration.framework in Frameworks */ = {isa = PBXBuildFile; fileRef = AB0929541682199B0039704D /* SystemConfiguration.framework */; };
		AB098792171C3E650060E191 /* MobileCoreServices.framework in Frameworks */ = {isa = PBXBuildFile; fileRef = AB09295C16821A420039704D /* MobileCoreServices.framework */; };
		AB098794171C3E860060E191 /* TMImageCacheControl.m in Sources */ = {isa = PBXBuildFile; fileRef = AB4D7B471658B3B700B5A2C3 /* TMImageCacheControl.m */; };
		AB098795171C3E860060E191 /* TMViewController.m in Sources */ = {isa = PBXBuildFile; fileRef = AB4D7B4F1658B3B700B5A2C3 /* TMViewController.m */; };
		AB098796171C3E8B0060E191 /* TMAPIDownloadModel.m in Sources */ = {isa = PBXBuildFile; fileRef = AB4D7B3A1658B3B700B5A2C3 /* TMAPIDownloadModel.m */; };
		AB098797171C3E8B0060E191 /* TMAPIModel.m in Sources */ = {isa = PBXBuildFile; fileRef = AB4D7B3C1658B3B700B5A2C3 /* TMAPIModel.m */; };
		AB098798171C3E8B0060E191 /* TMAPIWebModel.m in Sources */ = {isa = PBXBuildFile; fileRef = AB4D7B3E1658B3B700B5A2C3 /* TMAPIWebModel.m */; };
		AB098799171C3E930060E191 /* TMKeyboardController.m in Sources */ = {isa = PBXBuildFile; fileRef = AB4D7B491658B3B700B5A2C3 /* TMKeyboardController.m */; };
		AB09879A171C3E930060E191 /* TMTools.m in Sources */ = {isa = PBXBuildFile; fileRef = AB4D7B4B1658B3B700B5A2C3 /* TMTools.m */; };
		AB09879B171C3E930060E191 /* TMUITools.m in Sources */ = {isa = PBXBuildFile; fileRef = AB4D7B4D1658B3B700B5A2C3 /* TMUITools.m */; };
		AB09879C171C3E990060E191 /* GTMBase64.m in Sources */ = {isa = PBXBuildFile; fileRef = ABFE8F87168803DF00649E88 /* GTMBase64.m */; };
		AB09879D171C3E990060E191 /* GTMStringEncoding.m in Sources */ = {isa = PBXBuildFile; fileRef = ABFE8F841688034700649E88 /* GTMStringEncoding.m */; };
		AB09879E171C3E990060E191 /* TMDataManager.m in Sources */ = {isa = PBXBuildFile; fileRef = AB0928F71681C1FB0039704D /* TMDataManager.m */; };
		AB09879F171C3E990060E191 /* TMGlobalModel.m in Sources */ = {isa = PBXBuildFile; fileRef = AB4D7B451658B3B700B5A2C3 /* TMGlobalModel.m */; };
		AB0987A0171C3F7B0060E191 /* libPods.a in Frameworks */ = {isa = PBXBuildFile; fileRef = E02939F10EC6492BB21EECC9 /* libPods.a */; };
		AB098890171FE4350060E191 /* 1041314117.jpg in Resources */ = {isa = PBXBuildFile; fileRef = AB09888F171FE4350060E191 /* 1041314117.jpg */; };
		AB098893171FE4760060E191 /* TMUIToolTest.m in Sources */ = {isa = PBXBuildFile; fileRef = AB098892171FE4760060E191 /* TMUIToolTest.m */; };
		AB098894171FE7110060E191 /* 1041314117.jpg in Resources */ = {isa = PBXBuildFile; fileRef = AB09888F171FE4350060E191 /* 1041314117.jpg */; };
		AB0988B4172178EF0060E191 /* TMImageCache.m in Sources */ = {isa = PBXBuildFile; fileRef = AB0988B3172178EF0060E191 /* TMImageCache.m */; };
		AB4D7B251658B0F300B5A2C3 /* Foundation.framework in Frameworks */ = {isa = PBXBuildFile; fileRef = AB4D7B241658B0F300B5A2C3 /* Foundation.framework */; };
		AB4D7B2A1658B0F300B5A2C3 /* TMGeneral.h in CopyFiles */ = {isa = PBXBuildFile; fileRef = AB4D7B291658B0F300B5A2C3 /* TMGeneral.h */; };
		AB4D7B371658B13200B5A2C3 /* TMApiData.m in Sources */ = {isa = PBXBuildFile; fileRef = AB4D7B341658B13200B5A2C3 /* TMApiData.m */; };
		AB4D7B501658B3B700B5A2C3 /* TMAPIDownloadModel.m in Sources */ = {isa = PBXBuildFile; fileRef = AB4D7B3A1658B3B700B5A2C3 /* TMAPIDownloadModel.m */; };
		AB4D7B511658B3B700B5A2C3 /* TMAPIModel.m in Sources */ = {isa = PBXBuildFile; fileRef = AB4D7B3C1658B3B700B5A2C3 /* TMAPIModel.m */; };
		AB4D7B521658B3B700B5A2C3 /* TMAPIWebModel.m in Sources */ = {isa = PBXBuildFile; fileRef = AB4D7B3E1658B3B700B5A2C3 /* TMAPIWebModel.m */; };
		AB4D7B551658B3B700B5A2C3 /* TMGlobalModel.m in Sources */ = {isa = PBXBuildFile; fileRef = AB4D7B451658B3B700B5A2C3 /* TMGlobalModel.m */; };
		AB4D7B561658B3B700B5A2C3 /* TMImageCacheControl.m in Sources */ = {isa = PBXBuildFile; fileRef = AB4D7B471658B3B700B5A2C3 /* TMImageCacheControl.m */; };
		AB4D7B571658B3B700B5A2C3 /* TMKeyboardController.m in Sources */ = {isa = PBXBuildFile; fileRef = AB4D7B491658B3B700B5A2C3 /* TMKeyboardController.m */; };
		AB4D7B581658B3B700B5A2C3 /* TMTools.m in Sources */ = {isa = PBXBuildFile; fileRef = AB4D7B4B1658B3B700B5A2C3 /* TMTools.m */; };
		AB4D7B591658B3B700B5A2C3 /* TMUITools.m in Sources */ = {isa = PBXBuildFile; fileRef = AB4D7B4D1658B3B700B5A2C3 /* TMUITools.m */; };
		AB4D7B5A1658B3B700B5A2C3 /* TMViewController.m in Sources */ = {isa = PBXBuildFile; fileRef = AB4D7B4F1658B3B700B5A2C3 /* TMViewController.m */; };
		AB4D7B5E1658B5C700B5A2C3 /* TMGlobalModel.h in CopyFiles */ = {isa = PBXBuildFile; fileRef = AB4D7B441658B3B700B5A2C3 /* TMGlobalModel.h */; };
		AB4D7B5F1658B5C700B5A2C3 /* TMKeyboardController.h in CopyFiles */ = {isa = PBXBuildFile; fileRef = AB4D7B481658B3B700B5A2C3 /* TMKeyboardController.h */; };
		AB4D7B601658B5C700B5A2C3 /* TMTools.h in CopyFiles */ = {isa = PBXBuildFile; fileRef = AB4D7B4A1658B3B700B5A2C3 /* TMTools.h */; };
		AB4D7B611658B5C700B5A2C3 /* TMUITools.h in CopyFiles */ = {isa = PBXBuildFile; fileRef = AB4D7B4C1658B3B700B5A2C3 /* TMUITools.h */; };
		AB4D7B621658B5C700B5A2C3 /* TMAPIDownloadModel.h in CopyFiles */ = {isa = PBXBuildFile; fileRef = AB4D7B391658B3B700B5A2C3 /* TMAPIDownloadModel.h */; };
		AB4D7B631658B5C700B5A2C3 /* TMAPIModel.h in CopyFiles */ = {isa = PBXBuildFile; fileRef = AB4D7B3B1658B3B700B5A2C3 /* TMAPIModel.h */; };
		AB4D7B641658B5C700B5A2C3 /* TMAPIWebModel.h in CopyFiles */ = {isa = PBXBuildFile; fileRef = AB4D7B3D1658B3B700B5A2C3 /* TMAPIWebModel.h */; };
		AB4D7B661658B5C700B5A2C3 /* TMImageCacheControl.h in CopyFiles */ = {isa = PBXBuildFile; fileRef = AB4D7B461658B3B700B5A2C3 /* TMImageCacheControl.h */; };
		AB4D7B671658B5C700B5A2C3 /* TMViewController.h in CopyFiles */ = {isa = PBXBuildFile; fileRef = AB4D7B4E1658B3B700B5A2C3 /* TMViewController.h */; };
		AB5B0A5D1744A3C4002800E0 /* MainStoryboard.storyboard in Resources */ = {isa = PBXBuildFile; fileRef = AB5B0A5C1744A3C4002800E0 /* MainStoryboard.storyboard */; };
		AB5B0A5F1744A518002800E0 /* 33.jpg in Resources */ = {isa = PBXBuildFile; fileRef = AB5B0A5E1744A518002800E0 /* 33.jpg */; };
		AB5B0A621744A599002800E0 /* ImageTestViewController.m in Sources */ = {isa = PBXBuildFile; fileRef = AB5B0A611744A599002800E0 /* ImageTestViewController.m */; };
		AB5B0A641744A87D002800E0 /* CoreImage.framework in Frameworks */ = {isa = PBXBuildFile; fileRef = AB5B0A631744A87D002800E0 /* CoreImage.framework */; };
		ABE621AB16A682E70096C5A8 /* GTMBase64.m in Sources */ = {isa = PBXBuildFile; fileRef = ABFE8F87168803DF00649E88 /* GTMBase64.m */; };
		ABE621AD16A682EC0096C5A8 /* GTMStringEncoding.m in Sources */ = {isa = PBXBuildFile; fileRef = ABFE8F841688034700649E88 /* GTMStringEncoding.m */; };
		ABE6227416A9A5CE0096C5A8 /* TMTableViewController.m in Sources */ = {isa = PBXBuildFile; fileRef = ABE6227316A9A5CE0096C5A8 /* TMTableViewController.m */; };
		ABFE8F851688034700649E88 /* GTMStringEncoding.m in Sources */ = {isa = PBXBuildFile; fileRef = ABFE8F841688034700649E88 /* GTMStringEncoding.m */; };
		ABFE8F89168803DF00649E88 /* GTMBase64.m in Sources */ = {isa = PBXBuildFile; fileRef = ABFE8F87168803DF00649E88 /* GTMBase64.m */; };
		DFEBE1BC33864832B06FE090 /* libPods.a in Frameworks */ = {isa = PBXBuildFile; fileRef = E02939F10EC6492BB21EECC9 /* libPods.a */; };
/* End PBXBuildFile section */

/* Begin PBXContainerItemProxy section */
		AB098759171C3A560060E191 /* PBXContainerItemProxy */ = {
			isa = PBXContainerItemProxy;
			containerPortal = AB4D7B181658B0F300B5A2C3 /* Project object */;
			proxyType = 1;
			remoteGlobalIDString = AB098739171C3A560060E191;
			remoteInfo = TMGeneralApp;
		};
/* End PBXContainerItemProxy section */

/* Begin PBXCopyFilesBuildPhase section */
		AB4D7B1F1658B0F300B5A2C3 /* CopyFiles */ = {
			isa = PBXCopyFilesBuildPhase;
			buildActionMask = 2147483647;
			dstPath = "include/${PRODUCT_NAME}";
			dstSubfolderSpec = 16;
			files = (
				AB4D7B5E1658B5C700B5A2C3 /* TMGlobalModel.h in CopyFiles */,
				AB4D7B5F1658B5C700B5A2C3 /* TMKeyboardController.h in CopyFiles */,
				AB4D7B601658B5C700B5A2C3 /* TMTools.h in CopyFiles */,
				AB4D7B611658B5C700B5A2C3 /* TMUITools.h in CopyFiles */,
				AB4D7B621658B5C700B5A2C3 /* TMAPIDownloadModel.h in CopyFiles */,
				AB4D7B631658B5C700B5A2C3 /* TMAPIModel.h in CopyFiles */,
				AB4D7B641658B5C700B5A2C3 /* TMAPIWebModel.h in CopyFiles */,
				AB4D7B661658B5C700B5A2C3 /* TMImageCacheControl.h in CopyFiles */,
				AB4D7B671658B5C700B5A2C3 /* TMViewController.h in CopyFiles */,
				AB4D7B2A1658B0F300B5A2C3 /* TMGeneral.h in CopyFiles */,
			);
			runOnlyForDeploymentPostprocessing = 0;
		};
/* End PBXCopyFilesBuildPhase section */

/* Begin PBXFileReference section */
		03C3F9113300433EA35678A0 /* Pods.xcconfig */ = {isa = PBXFileReference; includeInIndex = 1; lastKnownFileType = text.xcconfig; name = Pods.xcconfig; path = Pods/Pods.xcconfig; sourceTree = SOURCE_ROOT; };
		AB0928F51681BDAB0039704D /* TMDataManager+Protected.h */ = {isa = PBXFileReference; lastKnownFileType = sourcecode.c.h; path = "TMDataManager+Protected.h"; sourceTree = "<group>"; };
		AB0928F61681C1FB0039704D /* TMDataManager.h */ = {isa = PBXFileReference; fileEncoding = 4; lastKnownFileType = sourcecode.c.h; path = TMDataManager.h; sourceTree = "<group>"; };
		AB0928F71681C1FB0039704D /* TMDataManager.m */ = {isa = PBXFileReference; fileEncoding = 4; lastKnownFileType = sourcecode.c.objc; path = TMDataManager.m; sourceTree = "<group>"; };
		AB0928FD1681C4E30039704D /* TMGeneralDataManager.h */ = {isa = PBXFileReference; fileEncoding = 4; lastKnownFileType = sourcecode.c.h; path = TMGeneralDataManager.h; sourceTree = "<group>"; };
		AB0928FE1681C4E30039704D /* TMGeneralDataManager.m */ = {isa = PBXFileReference; fileEncoding = 4; lastKnownFileType = sourcecode.c.objc; path = TMGeneralDataManager.m; sourceTree = "<group>"; };
		AB0929001681C4E30039704D /* TMGeneralDataModel.xcdatamodel */ = {isa = PBXFileReference; lastKnownFileType = wrapper.xcdatamodel; path = TMGeneralDataModel.xcdatamodel; sourceTree = "<group>"; };
		AB0929091681C52E0039704D /* TMGeneralUnitTest.octest */ = {isa = PBXFileReference; explicitFileType = wrapper.cfbundle; includeInIndex = 0; path = TMGeneralUnitTest.octest; sourceTree = BUILT_PRODUCTS_DIR; };
		AB09290A1681C52E0039704D /* SenTestingKit.framework */ = {isa = PBXFileReference; lastKnownFileType = wrapper.framework; name = SenTestingKit.framework; path = Library/Frameworks/SenTestingKit.framework; sourceTree = DEVELOPER_DIR; };
		AB09290C1681C52E0039704D /* UIKit.framework */ = {isa = PBXFileReference; lastKnownFileType = wrapper.framework; name = UIKit.framework; path = Library/Frameworks/UIKit.framework; sourceTree = DEVELOPER_DIR; };
		AB0929111681C52E0039704D /* TMGeneralUnitTest-Info.plist */ = {isa = PBXFileReference; lastKnownFileType = text.plist.xml; path = "TMGeneralUnitTest-Info.plist"; sourceTree = "<group>"; };
		AB0929131681C52E0039704D /* en */ = {isa = PBXFileReference; lastKnownFileType = text.plist.strings; name = en; path = en.lproj/InfoPlist.strings; sourceTree = "<group>"; };
		AB0929161681C52E0039704D /* TMGeneralUnitTest.m */ = {isa = PBXFileReference; lastKnownFileType = sourcecode.c.objc; path = TMGeneralUnitTest.m; sourceTree = "<group>"; };
		AB0929181681C52E0039704D /* TMGeneralUnitTest-Prefix.pch */ = {isa = PBXFileReference; lastKnownFileType = sourcecode.c.h; path = "TMGeneralUnitTest-Prefix.pch"; sourceTree = "<group>"; };
		AB09292E1681C8A70039704D /* CoreData.framework */ = {isa = PBXFileReference; lastKnownFileType = wrapper.framework; name = CoreData.framework; path = System/Library/Frameworks/CoreData.framework; sourceTree = SDKROOT; };
		AB092952168219730039704D /* CoreGraphics.framework */ = {isa = PBXFileReference; lastKnownFileType = wrapper.framework; name = CoreGraphics.framework; path = System/Library/Frameworks/CoreGraphics.framework; sourceTree = SDKROOT; };
		AB0929541682199B0039704D /* SystemConfiguration.framework */ = {isa = PBXFileReference; lastKnownFileType = wrapper.framework; name = SystemConfiguration.framework; path = System/Library/Frameworks/SystemConfiguration.framework; sourceTree = SDKROOT; };
		AB092958168219DA0039704D /* UIKit.framework */ = {isa = PBXFileReference; lastKnownFileType = wrapper.framework; name = UIKit.framework; path = System/Library/Frameworks/UIKit.framework; sourceTree = SDKROOT; };
		AB09295C16821A420039704D /* MobileCoreServices.framework */ = {isa = PBXFileReference; lastKnownFileType = wrapper.framework; name = MobileCoreServices.framework; path = System/Library/Frameworks/MobileCoreServices.framework; sourceTree = SDKROOT; };
		AB09873A171C3A560060E191 /* TMGeneralApp.app */ = {isa = PBXFileReference; explicitFileType = wrapper.application; includeInIndex = 0; path = TMGeneralApp.app; sourceTree = BUILT_PRODUCTS_DIR; };
		AB098740171C3A560060E191 /* TMGeneralApp-Info.plist */ = {isa = PBXFileReference; lastKnownFileType = text.plist.xml; path = "TMGeneralApp-Info.plist"; sourceTree = "<group>"; };
		AB098742171C3A560060E191 /* en */ = {isa = PBXFileReference; lastKnownFileType = text.plist.strings; name = en; path = en.lproj/InfoPlist.strings; sourceTree = "<group>"; };
		AB098744171C3A560060E191 /* main.m */ = {isa = PBXFileReference; lastKnownFileType = sourcecode.c.objc; path = main.m; sourceTree = "<group>"; };
		AB098746171C3A560060E191 /* TMGeneralApp-Prefix.pch */ = {isa = PBXFileReference; lastKnownFileType = sourcecode.c.h; path = "TMGeneralApp-Prefix.pch"; sourceTree = "<group>"; };
		AB098747171C3A560060E191 /* AppDelegate.h */ = {isa = PBXFileReference; lastKnownFileType = sourcecode.c.h; path = AppDelegate.h; sourceTree = "<group>"; };
		AB098748171C3A560060E191 /* AppDelegate.m */ = {isa = PBXFileReference; lastKnownFileType = sourcecode.c.objc; path = AppDelegate.m; sourceTree = "<group>"; };
		AB09874A171C3A560060E191 /* Default.png */ = {isa = PBXFileReference; lastKnownFileType = image.png; path = Default.png; sourceTree = "<group>"; };
		AB09874C171C3A560060E191 /* Default@2x.png */ = {isa = PBXFileReference; lastKnownFileType = image.png; path = "Default@2x.png"; sourceTree = "<group>"; };
		AB09874E171C3A560060E191 /* Default-568h@2x.png */ = {isa = PBXFileReference; lastKnownFileType = image.png; path = "Default-568h@2x.png"; sourceTree = "<group>"; };
		AB098755171C3A560060E191 /* TMGeneralAppTests.octest */ = {isa = PBXFileReference; explicitFileType = wrapper.cfbundle; includeInIndex = 0; path = TMGeneralAppTests.octest; sourceTree = BUILT_PRODUCTS_DIR; };
		AB09875D171C3A560060E191 /* TMGeneralAppTests-Info.plist */ = {isa = PBXFileReference; lastKnownFileType = text.plist.xml; path = "TMGeneralAppTests-Info.plist"; sourceTree = "<group>"; };
		AB09875F171C3A560060E191 /* en */ = {isa = PBXFileReference; lastKnownFileType = text.plist.strings; name = en; path = en.lproj/InfoPlist.strings; sourceTree = "<group>"; };
		AB098762171C3A560060E191 /* TMGeneralAppTests.m */ = {isa = PBXFileReference; lastKnownFileType = sourcecode.c.objc; path = TMGeneralAppTests.m; sourceTree = "<group>"; };
		AB09876A171C3B650060E191 /* GlobalModel.m */ = {isa = PBXFileReference; fileEncoding = 4; lastKnownFileType = sourcecode.c.objc; path = GlobalModel.m; sourceTree = "<group>"; };
		AB09876B171C3B650060E191 /* TMAPIWebModelTest.m */ = {isa = PBXFileReference; fileEncoding = 4; lastKnownFileType = sourcecode.c.objc; path = TMAPIWebModelTest.m; sourceTree = "<group>"; };
		AB09876C171C3B650060E191 /* TMGeneralDataManagerTest.m */ = {isa = PBXFileReference; fileEncoding = 4; lastKnownFileType = sourcecode.c.objc; path = TMGeneralDataManagerTest.m; sourceTree = "<group>"; };
		AB09876D171C3B650060E191 /* TMImageCacheControlTest.m */ = {isa = PBXFileReference; fileEncoding = 4; lastKnownFileType = sourcecode.c.objc; path = TMImageCacheControlTest.m; sourceTree = "<group>"; };
		AB09876E171C3B650060E191 /* TMToolTest.m */ = {isa = PBXFileReference; fileEncoding = 4; lastKnownFileType = sourcecode.c.objc; path = TMToolTest.m; sourceTree = "<group>"; };
		AB09888F171FE4350060E191 /* 1041314117.jpg */ = {isa = PBXFileReference; lastKnownFileType = image.jpeg; path = 1041314117.jpg; sourceTree = "<group>"; };
		AB098892171FE4760060E191 /* TMUIToolTest.m */ = {isa = PBXFileReference; fileEncoding = 4; lastKnownFileType = sourcecode.c.objc; path = TMUIToolTest.m; sourceTree = "<group>"; };
		AB0988B2172178EF0060E191 /* TMImageCache.h */ = {isa = PBXFileReference; fileEncoding = 4; lastKnownFileType = sourcecode.c.h; path = TMImageCache.h; sourceTree = "<group>"; };
		AB0988B3172178EF0060E191 /* TMImageCache.m */ = {isa = PBXFileReference; fileEncoding = 4; lastKnownFileType = sourcecode.c.objc; path = TMImageCache.m; sourceTree = "<group>"; };
		AB0988E5172657D00060E191 /* TMGeneralDataModel 2.xcdatamodel */ = {isa = PBXFileReference; lastKnownFileType = wrapper.xcdatamodel; path = "TMGeneralDataModel 2.xcdatamodel"; sourceTree = "<group>"; };
		AB4D7B211658B0F300B5A2C3 /* libTMGeneral.a */ = {isa = PBXFileReference; explicitFileType = archive.ar; includeInIndex = 0; path = libTMGeneral.a; sourceTree = BUILT_PRODUCTS_DIR; };
		AB4D7B241658B0F300B5A2C3 /* Foundation.framework */ = {isa = PBXFileReference; includeInIndex = 1; lastKnownFileType = wrapper.framework; name = Foundation.framework; path = System/Library/Frameworks/Foundation.framework; sourceTree = SDKROOT; };
		AB4D7B281658B0F300B5A2C3 /* TMGeneral-Prefix.pch */ = {isa = PBXFileReference; lastKnownFileType = sourcecode.c.h; path = "TMGeneral-Prefix.pch"; sourceTree = "<group>"; };
		AB4D7B291658B0F300B5A2C3 /* TMGeneral.h */ = {isa = PBXFileReference; lastKnownFileType = sourcecode.c.h; path = TMGeneral.h; sourceTree = "<group>"; };
		AB4D7B331658B13200B5A2C3 /* TMApiData.h */ = {isa = PBXFileReference; fileEncoding = 4; lastKnownFileType = sourcecode.c.h; path = TMApiData.h; sourceTree = "<group>"; };
		AB4D7B341658B13200B5A2C3 /* TMApiData.m */ = {isa = PBXFileReference; fileEncoding = 4; lastKnownFileType = sourcecode.c.objc; path = TMApiData.m; sourceTree = "<group>"; };
		AB4D7B391658B3B700B5A2C3 /* TMAPIDownloadModel.h */ = {isa = PBXFileReference; fileEncoding = 4; lastKnownFileType = sourcecode.c.h; path = TMAPIDownloadModel.h; sourceTree = "<group>"; };
		AB4D7B3A1658B3B700B5A2C3 /* TMAPIDownloadModel.m */ = {isa = PBXFileReference; fileEncoding = 4; lastKnownFileType = sourcecode.c.objc; path = TMAPIDownloadModel.m; sourceTree = "<group>"; };
		AB4D7B3B1658B3B700B5A2C3 /* TMAPIModel.h */ = {isa = PBXFileReference; fileEncoding = 4; lastKnownFileType = sourcecode.c.h; path = TMAPIModel.h; sourceTree = "<group>"; };
		AB4D7B3C1658B3B700B5A2C3 /* TMAPIModel.m */ = {isa = PBXFileReference; fileEncoding = 4; lastKnownFileType = sourcecode.c.objc; path = TMAPIModel.m; sourceTree = "<group>"; };
		AB4D7B3D1658B3B700B5A2C3 /* TMAPIWebModel.h */ = {isa = PBXFileReference; fileEncoding = 4; lastKnownFileType = sourcecode.c.h; path = TMAPIWebModel.h; sourceTree = "<group>"; };
		AB4D7B3E1658B3B700B5A2C3 /* TMAPIWebModel.m */ = {isa = PBXFileReference; fileEncoding = 4; lastKnownFileType = sourcecode.c.objc; path = TMAPIWebModel.m; sourceTree = "<group>"; };
		AB4D7B441658B3B700B5A2C3 /* TMGlobalModel.h */ = {isa = PBXFileReference; fileEncoding = 4; lastKnownFileType = sourcecode.c.h; path = TMGlobalModel.h; sourceTree = "<group>"; };
		AB4D7B451658B3B700B5A2C3 /* TMGlobalModel.m */ = {isa = PBXFileReference; fileEncoding = 4; lastKnownFileType = sourcecode.c.objc; path = TMGlobalModel.m; sourceTree = "<group>"; };
		AB4D7B461658B3B700B5A2C3 /* TMImageCacheControl.h */ = {isa = PBXFileReference; fileEncoding = 4; lastKnownFileType = sourcecode.c.h; path = TMImageCacheControl.h; sourceTree = "<group>"; };
		AB4D7B471658B3B700B5A2C3 /* TMImageCacheControl.m */ = {isa = PBXFileReference; fileEncoding = 4; lastKnownFileType = sourcecode.c.objc; path = TMImageCacheControl.m; sourceTree = "<group>"; };
		AB4D7B481658B3B700B5A2C3 /* TMKeyboardController.h */ = {isa = PBXFileReference; fileEncoding = 4; lastKnownFileType = sourcecode.c.h; path = TMKeyboardController.h; sourceTree = "<group>"; };
		AB4D7B491658B3B700B5A2C3 /* TMKeyboardController.m */ = {isa = PBXFileReference; fileEncoding = 4; lastKnownFileType = sourcecode.c.objc; path = TMKeyboardController.m; sourceTree = "<group>"; };
		AB4D7B4A1658B3B700B5A2C3 /* TMTools.h */ = {isa = PBXFileReference; fileEncoding = 4; lastKnownFileType = sourcecode.c.h; path = TMTools.h; sourceTree = "<group>"; };
		AB4D7B4B1658B3B700B5A2C3 /* TMTools.m */ = {isa = PBXFileReference; fileEncoding = 4; lastKnownFileType = sourcecode.c.objc; path = TMTools.m; sourceTree = "<group>"; };
		AB4D7B4C1658B3B700B5A2C3 /* TMUITools.h */ = {isa = PBXFileReference; fileEncoding = 4; lastKnownFileType = sourcecode.c.h; path = TMUITools.h; sourceTree = "<group>"; };
		AB4D7B4D1658B3B700B5A2C3 /* TMUITools.m */ = {isa = PBXFileReference; fileEncoding = 4; lastKnownFileType = sourcecode.c.objc; path = TMUITools.m; sourceTree = "<group>"; };
		AB4D7B4E1658B3B700B5A2C3 /* TMViewController.h */ = {isa = PBXFileReference; fileEncoding = 4; lastKnownFileType = sourcecode.c.h; path = TMViewController.h; sourceTree = "<group>"; };
		AB4D7B4F1658B3B700B5A2C3 /* TMViewController.m */ = {isa = PBXFileReference; fileEncoding = 4; lastKnownFileType = sourcecode.c.objc; path = TMViewController.m; sourceTree = "<group>"; };
		AB4D7B891658C8B700B5A2C3 /* CoreFoundation.framework */ = {isa = PBXFileReference; lastKnownFileType = wrapper.framework; name = CoreFoundation.framework; path = System/Library/Frameworks/CoreFoundation.framework; sourceTree = SDKROOT; };
		AB5B0A5C1744A3C4002800E0 /* MainStoryboard.storyboard */ = {isa = PBXFileReference; fileEncoding = 4; lastKnownFileType = file.storyboard; path = MainStoryboard.storyboard; sourceTree = "<group>"; };
		AB5B0A5E1744A518002800E0 /* 33.jpg */ = {isa = PBXFileReference; lastKnownFileType = image.jpeg; path = 33.jpg; sourceTree = "<group>"; };
		AB5B0A601744A599002800E0 /* ImageTestViewController.h */ = {isa = PBXFileReference; fileEncoding = 4; lastKnownFileType = sourcecode.c.h; path = ImageTestViewController.h; sourceTree = "<group>"; };
		AB5B0A611744A599002800E0 /* ImageTestViewController.m */ = {isa = PBXFileReference; fileEncoding = 4; lastKnownFileType = sourcecode.c.objc; path = ImageTestViewController.m; sourceTree = "<group>"; };
		AB5B0A631744A87D002800E0 /* CoreImage.framework */ = {isa = PBXFileReference; lastKnownFileType = wrapper.framework; name = CoreImage.framework; path = System/Library/Frameworks/CoreImage.framework; sourceTree = SDKROOT; };
		ABE6227216A9A5CE0096C5A8 /* TMTableViewController.h */ = {isa = PBXFileReference; fileEncoding = 4; lastKnownFileType = sourcecode.c.h; path = TMTableViewController.h; sourceTree = "<group>"; };
		ABE6227316A9A5CE0096C5A8 /* TMTableViewController.m */ = {isa = PBXFileReference; fileEncoding = 4; lastKnownFileType = sourcecode.c.objc; path = TMTableViewController.m; sourceTree = "<group>"; };
		ABFE8F831688034700649E88 /* GTMStringEncoding.h */ = {isa = PBXFileReference; fileEncoding = 4; lastKnownFileType = sourcecode.c.h; path = GTMStringEncoding.h; sourceTree = "<group>"; };
		ABFE8F841688034700649E88 /* GTMStringEncoding.m */ = {isa = PBXFileReference; fileEncoding = 4; lastKnownFileType = sourcecode.c.objc; path = GTMStringEncoding.m; sourceTree = "<group>"; };
		ABFE8F86168803DF00649E88 /* GTMBase64.h */ = {isa = PBXFileReference; fileEncoding = 4; lastKnownFileType = sourcecode.c.h; path = GTMBase64.h; sourceTree = "<group>"; };
		ABFE8F87168803DF00649E88 /* GTMBase64.m */ = {isa = PBXFileReference; fileEncoding = 4; lastKnownFileType = sourcecode.c.objc; path = GTMBase64.m; sourceTree = "<group>"; };
		ABFE8F88168803DF00649E88 /* GTMDefines.h */ = {isa = PBXFileReference; fileEncoding = 4; lastKnownFileType = sourcecode.c.h; path = GTMDefines.h; sourceTree = "<group>"; };
		E02939F10EC6492BB21EECC9 /* libPods.a */ = {isa = PBXFileReference; explicitFileType = archive.ar; includeInIndex = 0; path = libPods.a; sourceTree = BUILT_PRODUCTS_DIR; };
/* End PBXFileReference section */

/* Begin PBXFrameworksBuildPhase section */
		AB0929051681C52E0039704D /* Frameworks */ = {
			isa = PBXFrameworksBuildPhase;
			buildActionMask = 2147483647;
			files = (
				AB09295D16821A420039704D /* MobileCoreServices.framework in Frameworks */,
				AB092959168219DA0039704D /* UIKit.framework in Frameworks */,
				AB0929551682199B0039704D /* SystemConfiguration.framework in Frameworks */,
				AB092953168219730039704D /* CoreGraphics.framework in Frameworks */,
				AB09292F1681C8A70039704D /* CoreData.framework in Frameworks */,
				AB09290B1681C52E0039704D /* SenTestingKit.framework in Frameworks */,
				AB09290E1681C52E0039704D /* Foundation.framework in Frameworks */,
				AB09292C1681C8220039704D /* CoreFoundation.framework in Frameworks */,
				AB09292D1681C8280039704D /* libPods.a in Frameworks */,
			);
			runOnlyForDeploymentPostprocessing = 0;
		};
		AB098737171C3A560060E191 /* Frameworks */ = {
			isa = PBXFrameworksBuildPhase;
			buildActionMask = 2147483647;
			files = (
				AB5B0A641744A87D002800E0 /* CoreImage.framework in Frameworks */,
				AB09873B171C3A560060E191 /* UIKit.framework in Frameworks */,
				AB09873C171C3A560060E191 /* Foundation.framework in Frameworks */,
				AB09873D171C3A560060E191 /* CoreGraphics.framework in Frameworks */,
				AB09878F171C3E5A0060E191 /* CoreData.framework in Frameworks */,
				AB098790171C3E640060E191 /* MobileCoreServices.framework in Frameworks */,
				AB098791171C3E640060E191 /* SystemConfiguration.framework in Frameworks */,
				AB0987A0171C3F7B0060E191 /* libPods.a in Frameworks */,
			);
			runOnlyForDeploymentPostprocessing = 0;
		};
		AB098751171C3A560060E191 /* Frameworks */ = {
			isa = PBXFrameworksBuildPhase;
			buildActionMask = 2147483647;
			files = (
				AB098756171C3A560060E191 /* SenTestingKit.framework in Frameworks */,
				AB098757171C3A560060E191 /* UIKit.framework in Frameworks */,
				AB098758171C3A560060E191 /* Foundation.framework in Frameworks */,
				AB098774171C3B8B0060E191 /* libPods.a in Frameworks */,
				AB098789171C3D3C0060E191 /* SystemConfiguration.framework in Frameworks */,
				AB09878A171C3D3F0060E191 /* CoreGraphics.framework in Frameworks */,
				AB09878B171C3D410060E191 /* CoreData.framework in Frameworks */,
				AB09878C171C3D470060E191 /* CoreFoundation.framework in Frameworks */,
				AB098792171C3E650060E191 /* MobileCoreServices.framework in Frameworks */,
			);
			runOnlyForDeploymentPostprocessing = 0;
		};
		AB4D7B1E1658B0F300B5A2C3 /* Frameworks */ = {
			isa = PBXFrameworksBuildPhase;
			buildActionMask = 2147483647;
			files = (
				AB4D7B251658B0F300B5A2C3 /* Foundation.framework in Frameworks */,
				DFEBE1BC33864832B06FE090 /* libPods.a in Frameworks */,
			);
			runOnlyForDeploymentPostprocessing = 0;
		};
/* End PBXFrameworksBuildPhase section */

/* Begin PBXGroup section */
		AB0928F01681BB770039704D /* ModelManager */ = {
			isa = PBXGroup;
			children = (
				AB0928F61681C1FB0039704D /* TMDataManager.h */,
				AB0928F71681C1FB0039704D /* TMDataManager.m */,
				AB0928F51681BDAB0039704D /* TMDataManager+Protected.h */,
			);
			path = ModelManager;
			sourceTree = "<group>";
		};
		AB09290F1681C52E0039704D /* TMGeneralUnitTest */ = {
			isa = PBXGroup;
			children = (
				AB0929161681C52E0039704D /* TMGeneralUnitTest.m */,
				AB0929101681C52E0039704D /* Supporting Files */,
			);
			path = TMGeneralUnitTest;
			sourceTree = "<group>";
		};
		AB0929101681C52E0039704D /* Supporting Files */ = {
			isa = PBXGroup;
			children = (
				AB0929111681C52E0039704D /* TMGeneralUnitTest-Info.plist */,
				AB0929121681C52E0039704D /* InfoPlist.strings */,
				AB0929181681C52E0039704D /* TMGeneralUnitTest-Prefix.pch */,
			);
			name = "Supporting Files";
			sourceTree = "<group>";
		};
		AB09873E171C3A560060E191 /* TMGeneralApp */ = {
			isa = PBXGroup;
			children = (
				AB098747171C3A560060E191 /* AppDelegate.h */,
				AB098748171C3A560060E191 /* AppDelegate.m */,
				AB5B0A5C1744A3C4002800E0 /* MainStoryboard.storyboard */,
				AB5B0A601744A599002800E0 /* ImageTestViewController.h */,
				AB5B0A611744A599002800E0 /* ImageTestViewController.m */,
				AB5B0A5E1744A518002800E0 /* 33.jpg */,
				AB09873F171C3A560060E191 /* Supporting Files */,
			);
			path = TMGeneralApp;
			sourceTree = "<group>";
		};
		AB09873F171C3A560060E191 /* Supporting Files */ = {
			isa = PBXGroup;
			children = (
				AB098740171C3A560060E191 /* TMGeneralApp-Info.plist */,
				AB098741171C3A560060E191 /* InfoPlist.strings */,
				AB098744171C3A560060E191 /* main.m */,
				AB098746171C3A560060E191 /* TMGeneralApp-Prefix.pch */,
				AB09874A171C3A560060E191 /* Default.png */,
				AB09874C171C3A560060E191 /* Default@2x.png */,
				AB09874E171C3A560060E191 /* Default-568h@2x.png */,
			);
			name = "Supporting Files";
			sourceTree = "<group>";
		};
		AB09875B171C3A560060E191 /* TMGeneralAppTests */ = {
			isa = PBXGroup;
			children = (
				AB09888F171FE4350060E191 /* 1041314117.jpg */,
				AB09876A171C3B650060E191 /* GlobalModel.m */,
				AB09876B171C3B650060E191 /* TMAPIWebModelTest.m */,
				AB09876C171C3B650060E191 /* TMGeneralDataManagerTest.m */,
				AB09876D171C3B650060E191 /* TMImageCacheControlTest.m */,
				AB09876E171C3B650060E191 /* TMToolTest.m */,
				AB098892171FE4760060E191 /* TMUIToolTest.m */,
				AB098762171C3A560060E191 /* TMGeneralAppTests.m */,
				AB09875C171C3A560060E191 /* Supporting Files */,
			);
			path = TMGeneralAppTests;
			sourceTree = "<group>";
		};
		AB09875C171C3A560060E191 /* Supporting Files */ = {
			isa = PBXGroup;
			children = (
				AB09875D171C3A560060E191 /* TMGeneralAppTests-Info.plist */,
				AB09875E171C3A560060E191 /* InfoPlist.strings */,
			);
			name = "Supporting Files";
			sourceTree = "<group>";
		};
		AB4D7B161658B0F300B5A2C3 = {
			isa = PBXGroup;
			children = (
				AB5B0A631744A87D002800E0 /* CoreImage.framework */,
				AB4D7B261658B0F300B5A2C3 /* TMGeneral */,
				AB09290F1681C52E0039704D /* TMGeneralUnitTest */,
				AB09873E171C3A560060E191 /* TMGeneralApp */,
				AB09875B171C3A560060E191 /* TMGeneralAppTests */,
				AB4D7B231658B0F300B5A2C3 /* Frameworks */,
				AB4D7B221658B0F300B5A2C3 /* Products */,
				03C3F9113300433EA35678A0 /* Pods.xcconfig */,
			);
			sourceTree = "<group>";
		};
		AB4D7B221658B0F300B5A2C3 /* Products */ = {
			isa = PBXGroup;
			children = (
				AB4D7B211658B0F300B5A2C3 /* libTMGeneral.a */,
				AB0929091681C52E0039704D /* TMGeneralUnitTest.octest */,
				AB09873A171C3A560060E191 /* TMGeneralApp.app */,
				AB098755171C3A560060E191 /* TMGeneralAppTests.octest */,
			);
			name = Products;
			sourceTree = "<group>";
		};
		AB4D7B231658B0F300B5A2C3 /* Frameworks */ = {
			isa = PBXGroup;
			children = (
				AB09295C16821A420039704D /* MobileCoreServices.framework */,
				AB092958168219DA0039704D /* UIKit.framework */,
				AB0929541682199B0039704D /* SystemConfiguration.framework */,
				AB092952168219730039704D /* CoreGraphics.framework */,
				AB09292E1681C8A70039704D /* CoreData.framework */,
				AB4D7B241658B0F300B5A2C3 /* Foundation.framework */,
				E02939F10EC6492BB21EECC9 /* libPods.a */,
				AB4D7B891658C8B700B5A2C3 /* CoreFoundation.framework */,
				AB09290A1681C52E0039704D /* SenTestingKit.framework */,
				AB09290C1681C52E0039704D /* UIKit.framework */,
			);
			name = Frameworks;
			sourceTree = "<group>";
		};
		AB4D7B261658B0F300B5A2C3 /* TMGeneral */ = {
			isa = PBXGroup;
			children = (
				ABFE8F811688032200649E88 /* Vender */,
				AB0928F01681BB770039704D /* ModelManager */,
				AB4D7B5D1658B48C00B5A2C3 /* Global */,
				AB4D7B5C1658B3E600B5A2C3 /* Tool */,
				AB4D7B5B1658B3DE00B5A2C3 /* ApiModel */,
				AB4D7B321658B13200B5A2C3 /* Model */,
				AB4D7B291658B0F300B5A2C3 /* TMGeneral.h */,
				AB4D7B461658B3B700B5A2C3 /* TMImageCacheControl.h */,
				AB4D7B471658B3B700B5A2C3 /* TMImageCacheControl.m */,
				AB4D7B4E1658B3B700B5A2C3 /* TMViewController.h */,
				AB4D7B4F1658B3B700B5A2C3 /* TMViewController.m */,
				ABE6227216A9A5CE0096C5A8 /* TMTableViewController.h */,
				ABE6227316A9A5CE0096C5A8 /* TMTableViewController.m */,
				AB4D7B271658B0F300B5A2C3 /* Supporting Files */,
			);
			path = TMGeneral;
			sourceTree = "<group>";
		};
		AB4D7B271658B0F300B5A2C3 /* Supporting Files */ = {
			isa = PBXGroup;
			children = (
				AB4D7B281658B0F300B5A2C3 /* TMGeneral-Prefix.pch */,
			);
			name = "Supporting Files";
			sourceTree = "<group>";
		};
		AB4D7B321658B13200B5A2C3 /* Model */ = {
			isa = PBXGroup;
			children = (
				AB0928FD1681C4E30039704D /* TMGeneralDataManager.h */,
				AB0928FE1681C4E30039704D /* TMGeneralDataManager.m */,
				AB0928FF1681C4E30039704D /* TMGeneralDataModel.xcdatamodeld */,
				AB0988B2172178EF0060E191 /* TMImageCache.h */,
				AB0988B3172178EF0060E191 /* TMImageCache.m */,
				AB4D7B331658B13200B5A2C3 /* TMApiData.h */,
				AB4D7B341658B13200B5A2C3 /* TMApiData.m */,
			);
			path = Model;
			sourceTree = "<group>";
		};
		AB4D7B5B1658B3DE00B5A2C3 /* ApiModel */ = {
			isa = PBXGroup;
			children = (
				AB4D7B391658B3B700B5A2C3 /* TMAPIDownloadModel.h */,
				AB4D7B3A1658B3B700B5A2C3 /* TMAPIDownloadModel.m */,
				AB4D7B3B1658B3B700B5A2C3 /* TMAPIModel.h */,
				AB4D7B3C1658B3B700B5A2C3 /* TMAPIModel.m */,
				AB4D7B3D1658B3B700B5A2C3 /* TMAPIWebModel.h */,
				AB4D7B3E1658B3B700B5A2C3 /* TMAPIWebModel.m */,
			);
			name = ApiModel;
			sourceTree = "<group>";
		};
		AB4D7B5C1658B3E600B5A2C3 /* Tool */ = {
			isa = PBXGroup;
			children = (
				AB4D7B481658B3B700B5A2C3 /* TMKeyboardController.h */,
				AB4D7B491658B3B700B5A2C3 /* TMKeyboardController.m */,
				AB4D7B4A1658B3B700B5A2C3 /* TMTools.h */,
				AB4D7B4B1658B3B700B5A2C3 /* TMTools.m */,
				AB4D7B4C1658B3B700B5A2C3 /* TMUITools.h */,
				AB4D7B4D1658B3B700B5A2C3 /* TMUITools.m */,
			);
			name = Tool;
			sourceTree = "<group>";
		};
		AB4D7B5D1658B48C00B5A2C3 /* Global */ = {
			isa = PBXGroup;
			children = (
				AB4D7B441658B3B700B5A2C3 /* TMGlobalModel.h */,
				AB4D7B451658B3B700B5A2C3 /* TMGlobalModel.m */,
			);
			name = Global;
			sourceTree = "<group>";
		};
		ABFE8F811688032200649E88 /* Vender */ = {
			isa = PBXGroup;
			children = (
				ABFE8F86168803DF00649E88 /* GTMBase64.h */,
				ABFE8F87168803DF00649E88 /* GTMBase64.m */,
				ABFE8F88168803DF00649E88 /* GTMDefines.h */,
				ABFE8F831688034700649E88 /* GTMStringEncoding.h */,
				ABFE8F841688034700649E88 /* GTMStringEncoding.m */,
			);
			path = Vender;
			sourceTree = "<group>";
		};
/* End PBXGroup section */

/* Begin PBXNativeTarget section */
		AB0929081681C52E0039704D /* TMGeneralUnitTest */ = {
			isa = PBXNativeTarget;
			buildConfigurationList = AB0929191681C52E0039704D /* Build configuration list for PBXNativeTarget "TMGeneralUnitTest" */;
			buildPhases = (
				AB0929041681C52E0039704D /* Sources */,
				AB0929051681C52E0039704D /* Frameworks */,
				AB0929061681C52E0039704D /* Resources */,
				AB0929071681C52E0039704D /* ShellScript */,
			);
			buildRules = (
			);
			dependencies = (
			);
			name = TMGeneralUnitTest;
			productName = TMGeneralUnitTest;
			productReference = AB0929091681C52E0039704D /* TMGeneralUnitTest.octest */;
			productType = "com.apple.product-type.bundle";
		};
		AB098739171C3A560060E191 /* TMGeneralApp */ = {
			isa = PBXNativeTarget;
			buildConfigurationList = AB098768171C3A560060E191 /* Build configuration list for PBXNativeTarget "TMGeneralApp" */;
			buildPhases = (
				AB098736171C3A560060E191 /* Sources */,
				AB098737171C3A560060E191 /* Frameworks */,
				AB098738171C3A560060E191 /* Resources */,
			);
			buildRules = (
			);
			dependencies = (
			);
			name = TMGeneralApp;
			productName = TMGeneralApp;
			productReference = AB09873A171C3A560060E191 /* TMGeneralApp.app */;
			productType = "com.apple.product-type.application";
		};
		AB098754171C3A560060E191 /* TMGeneralAppTests */ = {
			isa = PBXNativeTarget;
			buildConfigurationList = AB098769171C3A560060E191 /* Build configuration list for PBXNativeTarget "TMGeneralAppTests" */;
			buildPhases = (
				AB098750171C3A560060E191 /* Sources */,
				AB098751171C3A560060E191 /* Frameworks */,
				AB098752171C3A560060E191 /* Resources */,
				AB098753171C3A560060E191 /* ShellScript */,
			);
			buildRules = (
			);
			dependencies = (
				AB09875A171C3A560060E191 /* PBXTargetDependency */,
			);
			name = TMGeneralAppTests;
			productName = TMGeneralAppTests;
			productReference = AB098755171C3A560060E191 /* TMGeneralAppTests.octest */;
			productType = "com.apple.product-type.bundle";
		};
		AB4D7B201658B0F300B5A2C3 /* TMGeneral */ = {
			isa = PBXNativeTarget;
			buildConfigurationList = AB4D7B2F1658B0F300B5A2C3 /* Build configuration list for PBXNativeTarget "TMGeneral" */;
			buildPhases = (
				AB4D7B1D1658B0F300B5A2C3 /* Sources */,
				AB4D7B1E1658B0F300B5A2C3 /* Frameworks */,
				AB4D7B1F1658B0F300B5A2C3 /* CopyFiles */,
				A24C067BD78349BB935CD0E7 /* Copy Pods Resources */,
			);
			buildRules = (
			);
			dependencies = (
			);
			name = TMGeneral;
			productName = TMGeneral;
			productReference = AB4D7B211658B0F300B5A2C3 /* libTMGeneral.a */;
			productType = "com.apple.product-type.library.static";
		};
/* End PBXNativeTarget section */

/* Begin PBXProject section */
		AB4D7B181658B0F300B5A2C3 /* Project object */ = {
			isa = PBXProject;
			attributes = {
				LastUpgradeCheck = 0450;
				ORGANIZATIONNAME = thinkermobile;
			};
			buildConfigurationList = AB4D7B1B1658B0F300B5A2C3 /* Build configuration list for PBXProject "TMGeneral" */;
			compatibilityVersion = "Xcode 3.2";
			developmentRegion = English;
			hasScannedForEncodings = 0;
			knownRegions = (
				en,
			);
			mainGroup = AB4D7B161658B0F300B5A2C3;
			productRefGroup = AB4D7B221658B0F300B5A2C3 /* Products */;
			projectDirPath = "";
			projectRoot = "";
			targets = (
				AB4D7B201658B0F300B5A2C3 /* TMGeneral */,
				AB0929081681C52E0039704D /* TMGeneralUnitTest */,
				AB098739171C3A560060E191 /* TMGeneralApp */,
				AB098754171C3A560060E191 /* TMGeneralAppTests */,
			);
		};
/* End PBXProject section */

/* Begin PBXResourcesBuildPhase section */
		AB0929061681C52E0039704D /* Resources */ = {
			isa = PBXResourcesBuildPhase;
			buildActionMask = 2147483647;
			files = (
				AB0929141681C52E0039704D /* InfoPlist.strings in Resources */,
			);
			runOnlyForDeploymentPostprocessing = 0;
		};
		AB098738171C3A560060E191 /* Resources */ = {
			isa = PBXResourcesBuildPhase;
			buildActionMask = 2147483647;
			files = (
				AB098743171C3A560060E191 /* InfoPlist.strings in Resources */,
				AB09874B171C3A560060E191 /* Default.png in Resources */,
				AB09874D171C3A560060E191 /* Default@2x.png in Resources */,
				AB09874F171C3A560060E191 /* Default-568h@2x.png in Resources */,
				AB098894171FE7110060E191 /* 1041314117.jpg in Resources */,
				AB5B0A5D1744A3C4002800E0 /* MainStoryboard.storyboard in Resources */,
				AB5B0A5F1744A518002800E0 /* 33.jpg in Resources */,
			);
			runOnlyForDeploymentPostprocessing = 0;
		};
		AB098752171C3A560060E191 /* Resources */ = {
			isa = PBXResourcesBuildPhase;
			buildActionMask = 2147483647;
			files = (
				AB098760171C3A560060E191 /* InfoPlist.strings in Resources */,
				AB098890171FE4350060E191 /* 1041314117.jpg in Resources */,
			);
			runOnlyForDeploymentPostprocessing = 0;
		};
/* End PBXResourcesBuildPhase section */

/* Begin PBXShellScriptBuildPhase section */
		A24C067BD78349BB935CD0E7 /* Copy Pods Resources */ = {
			isa = PBXShellScriptBuildPhase;
			buildActionMask = 2147483647;
			files = (
			);
			inputPaths = (
			);
			name = "Copy Pods Resources";
			outputPaths = (
			);
			runOnlyForDeploymentPostprocessing = 0;
			shellPath = /bin/sh;
			shellScript = "\"${SRCROOT}/Pods/Pods-resources.sh\"\n";
		};
		AB0929071681C52E0039704D /* ShellScript */ = {
			isa = PBXShellScriptBuildPhase;
			buildActionMask = 2147483647;
			files = (
			);
			inputPaths = (
			);
			outputPaths = (
			);
			runOnlyForDeploymentPostprocessing = 0;
			shellPath = /bin/sh;
			shellScript = "# Run the unit tests in this test bundle.\n\"${SYSTEM_DEVELOPER_DIR}/Tools/RunUnitTests\"\n";
		};
		AB098753171C3A560060E191 /* ShellScript */ = {
			isa = PBXShellScriptBuildPhase;
			buildActionMask = 2147483647;
			files = (
			);
			inputPaths = (
			);
			outputPaths = (
			);
			runOnlyForDeploymentPostprocessing = 0;
			shellPath = /bin/sh;
			shellScript = "\nif [ \"$RUN_APPLICATION_TESTS_WITH_IOS_SIM\" = \"YES\" ]; then\ntest_bundle_path=\"$BUILT_PRODUCTS_DIR/$PRODUCT_NAME.$WRAPPER_EXTENSION\"\nenvironment_args=\"--setenv DYLD_INSERT_LIBRARIES=/../../Library/PrivateFrameworks/IDEBundleInjection.framework/IDEBundleInjection --setenv XCInjectBundle=$test_bundle_path --setenv XCInjectBundleInto=$TEST_HOST\"\necho $test_bundle_path\necho $(dirname $TEST_HOST)\nios-sim launch $(dirname $TEST_HOST) $environment_args --args -SenTest All $test_bundle_path\necho \"Finished running tests with ios-sim\"\nelse\n\"${SYSTEM_DEVELOPER_DIR}/Tools/RunUnitTests\"\nfi\n";
		};
/* End PBXShellScriptBuildPhase section */

/* Begin PBXSourcesBuildPhase section */
		AB0929041681C52E0039704D /* Sources */ = {
			isa = PBXSourcesBuildPhase;
			buildActionMask = 2147483647;
			files = (
				AB0929171681C52E0039704D /* TMGeneralUnitTest.m in Sources */,
				AB0929221681C6750039704D /* TMGeneralDataManager.m in Sources */,
				AB0929231681C67B0039704D /* TMGeneralDataModel.xcdatamodeld in Sources */,
				AB09292B1681C7460039704D /* TMDataManager.m in Sources */,
				AB0929371681DB780039704D /* TMAPIModel.m in Sources */,
				AB0929381681DF4D0039704D /* TMViewController.m in Sources */,
				AB092939168209370039704D /* TMUITools.m in Sources */,
				AB09293A1682093B0039704D /* TMTools.m in Sources */,
				AB09293B1682093F0039704D /* TMKeyboardController.m in Sources */,
				AB09294416820C1D0039704D /* TMApiData.m in Sources */,
				AB09294616820C350039704D /* TMAPIWebModel.m in Sources */,
				AB09294716820C390039704D /* TMAPIDownloadModel.m in Sources */,
				AB09294816820C3E0039704D /* TMGlobalModel.m in Sources */,
				AB092956168219A60039704D /* TMImageCacheControl.m in Sources */,
				ABE621AB16A682E70096C5A8 /* GTMBase64.m in Sources */,
				ABE621AD16A682EC0096C5A8 /* GTMStringEncoding.m in Sources */,
			);
			runOnlyForDeploymentPostprocessing = 0;
		};
		AB098736171C3A560060E191 /* Sources */ = {
			isa = PBXSourcesBuildPhase;
			buildActionMask = 2147483647;
			files = (
				AB098745171C3A560060E191 /* main.m in Sources */,
				AB098749171C3A560060E191 /* AppDelegate.m in Sources */,
				AB09877D171C3C100060E191 /* TMApiData.m in Sources */,
				AB09878D171C3E3C0060E191 /* TMGeneralDataModel.xcdatamodeld in Sources */,
				AB09878E171C3E400060E191 /* TMGeneralDataManager.m in Sources */,
				AB098794171C3E860060E191 /* TMImageCacheControl.m in Sources */,
				AB098795171C3E860060E191 /* TMViewController.m in Sources */,
				AB098796171C3E8B0060E191 /* TMAPIDownloadModel.m in Sources */,
				AB098797171C3E8B0060E191 /* TMAPIModel.m in Sources */,
				AB098798171C3E8B0060E191 /* TMAPIWebModel.m in Sources */,
				AB098799171C3E930060E191 /* TMKeyboardController.m in Sources */,
				AB09879A171C3E930060E191 /* TMTools.m in Sources */,
				AB09879B171C3E930060E191 /* TMUITools.m in Sources */,
				AB09879C171C3E990060E191 /* GTMBase64.m in Sources */,
				AB09879D171C3E990060E191 /* GTMStringEncoding.m in Sources */,
				AB09879E171C3E990060E191 /* TMDataManager.m in Sources */,
				AB09879F171C3E990060E191 /* TMGlobalModel.m in Sources */,
				AB5B0A621744A599002800E0 /* ImageTestViewController.m in Sources */,
			);
			runOnlyForDeploymentPostprocessing = 0;
		};
		AB098750171C3A560060E191 /* Sources */ = {
			isa = PBXSourcesBuildPhase;
			buildActionMask = 2147483647;
			files = (
				AB098763171C3A560060E191 /* TMGeneralAppTests.m in Sources */,
				AB09876F171C3B650060E191 /* GlobalModel.m in Sources */,
				AB098770171C3B650060E191 /* TMAPIWebModelTest.m in Sources */,
				AB098771171C3B650060E191 /* TMGeneralDataManagerTest.m in Sources */,
				AB098772171C3B650060E191 /* TMImageCacheControlTest.m in Sources */,
				AB098773171C3B650060E191 /* TMToolTest.m in Sources */,
				AB098776171C3BFB0060E191 /* TMImageCacheControl.m in Sources */,
				AB098777171C3BFF0060E191 /* TMViewController.m in Sources */,
				AB098779171C3C080060E191 /* TMGeneralDataManager.m in Sources */,
				AB09877A171C3C0B0060E191 /* TMGeneralDataModel.xcdatamodeld in Sources */,
				AB09877B171C3C0F0060E191 /* TMApiData.m in Sources */,
				AB09877F171C3C1C0060E191 /* TMAPIDownloadModel.m in Sources */,
				AB098780171C3C1C0060E191 /* TMAPIModel.m in Sources */,
				AB098781171C3C1C0060E191 /* TMAPIWebModel.m in Sources */,
				AB098782171C3C240060E191 /* TMKeyboardController.m in Sources */,
				AB098783171C3C240060E191 /* TMTools.m in Sources */,
				AB098784171C3C240060E191 /* TMUITools.m in Sources */,
				AB098785171C3C290060E191 /* TMGlobalModel.m in Sources */,
				AB098786171C3C2E0060E191 /* TMDataManager.m in Sources */,
				AB098787171C3C340060E191 /* GTMBase64.m in Sources */,
				AB098788171C3C340060E191 /* GTMStringEncoding.m in Sources */,
				AB098893171FE4760060E191 /* TMUIToolTest.m in Sources */,
			);
			runOnlyForDeploymentPostprocessing = 0;
		};
		AB4D7B1D1658B0F300B5A2C3 /* Sources */ = {
			isa = PBXSourcesBuildPhase;
			buildActionMask = 2147483647;
			files = (
				AB4D7B371658B13200B5A2C3 /* TMApiData.m in Sources */,
				AB4D7B501658B3B700B5A2C3 /* TMAPIDownloadModel.m in Sources */,
				AB4D7B511658B3B700B5A2C3 /* TMAPIModel.m in Sources */,
				AB4D7B521658B3B700B5A2C3 /* TMAPIWebModel.m in Sources */,
				AB4D7B551658B3B700B5A2C3 /* TMGlobalModel.m in Sources */,
				AB4D7B561658B3B700B5A2C3 /* TMImageCacheControl.m in Sources */,
				AB4D7B571658B3B700B5A2C3 /* TMKeyboardController.m in Sources */,
				AB4D7B581658B3B700B5A2C3 /* TMTools.m in Sources */,
				AB4D7B591658B3B700B5A2C3 /* TMUITools.m in Sources */,
				AB4D7B5A1658B3B700B5A2C3 /* TMViewController.m in Sources */,
				AB0928FA1681C1FB0039704D /* TMDataManager.m in Sources */,
				AB0929011681C4E30039704D /* TMGeneralDataManager.m in Sources */,
				AB0929021681C4E30039704D /* TMGeneralDataModel.xcdatamodeld in Sources */,
				ABFE8F851688034700649E88 /* GTMStringEncoding.m in Sources */,
				ABFE8F89168803DF00649E88 /* GTMBase64.m in Sources */,
				ABE6227416A9A5CE0096C5A8 /* TMTableViewController.m in Sources */,
				AB0988B4172178EF0060E191 /* TMImageCache.m in Sources */,
			);
			runOnlyForDeploymentPostprocessing = 0;
		};
/* End PBXSourcesBuildPhase section */

/* Begin PBXTargetDependency section */
		AB09875A171C3A560060E191 /* PBXTargetDependency */ = {
			isa = PBXTargetDependency;
			target = AB098739171C3A560060E191 /* TMGeneralApp */;
			targetProxy = AB098759171C3A560060E191 /* PBXContainerItemProxy */;
		};
/* End PBXTargetDependency section */

/* Begin PBXVariantGroup section */
		AB0929121681C52E0039704D /* InfoPlist.strings */ = {
			isa = PBXVariantGroup;
			children = (
				AB0929131681C52E0039704D /* en */,
			);
			name = InfoPlist.strings;
			sourceTree = "<group>";
		};
		AB098741171C3A560060E191 /* InfoPlist.strings */ = {
			isa = PBXVariantGroup;
			children = (
				AB098742171C3A560060E191 /* en */,
			);
			name = InfoPlist.strings;
			sourceTree = "<group>";
		};
		AB09875E171C3A560060E191 /* InfoPlist.strings */ = {
			isa = PBXVariantGroup;
			children = (
				AB09875F171C3A560060E191 /* en */,
			);
			name = InfoPlist.strings;
			sourceTree = "<group>";
		};
/* End PBXVariantGroup section */

/* Begin XCBuildConfiguration section */
		AB09291A1681C52E0039704D /* Debug */ = {
			isa = XCBuildConfiguration;
			buildSettings = {
				ALWAYS_SEARCH_USER_PATHS = YES;
				CLANG_ENABLE_OBJC_ARC = YES;
				FRAMEWORK_SEARCH_PATHS = (
					"\"$(SDKROOT)/Developer/Library/Frameworks\"",
					"\"$(DEVELOPER_LIBRARY_DIR)/Frameworks\"",
				);
				GCC_PRECOMPILE_PREFIX_HEADER = YES;
				GCC_PREFIX_HEADER = "TMGeneralUnitTest/TMGeneralUnitTest-Prefix.pch";
				HEADER_SEARCH_PATHS = "${PODS_HEADERS_SEARCH_PATHS}";
				INFOPLIST_FILE = "TMGeneralUnitTest/TMGeneralUnitTest-Info.plist";
				IPHONEOS_DEPLOYMENT_TARGET = 5.0;
				OTHER_LDFLAGS = (
					"-all_load",
					"-ObjC",
				);
				PODS_HEADERS_SEARCH_PATHS = "${PODS_PUBLIC_HEADERS_SEARCH_PATHS}";
				PODS_PUBLIC_HEADERS_SEARCH_PATHS = "\"${PODS_ROOT}/Headers\" \"${PODS_ROOT}/Headers/AFDownloadRequestOperation\" \"${PODS_ROOT}/Headers/AFNetworking\"";
				PODS_ROOT = "${SRCROOT}/Pods";
				PRODUCT_NAME = "$(TARGET_NAME)";
				WRAPPER_EXTENSION = octest;
			};
			name = Debug;
		};
		AB09291B1681C52E0039704D /* Release */ = {
			isa = XCBuildConfiguration;
			buildSettings = {
				ALWAYS_SEARCH_USER_PATHS = YES;
				CLANG_ENABLE_OBJC_ARC = YES;
				FRAMEWORK_SEARCH_PATHS = (
					"\"$(SDKROOT)/Developer/Library/Frameworks\"",
					"\"$(DEVELOPER_LIBRARY_DIR)/Frameworks\"",
				);
				GCC_PRECOMPILE_PREFIX_HEADER = YES;
				GCC_PREFIX_HEADER = "TMGeneralUnitTest/TMGeneralUnitTest-Prefix.pch";
				HEADER_SEARCH_PATHS = "${PODS_HEADERS_SEARCH_PATHS}";
				INFOPLIST_FILE = "TMGeneralUnitTest/TMGeneralUnitTest-Info.plist";
				IPHONEOS_DEPLOYMENT_TARGET = 5.0;
				OTHER_LDFLAGS = (
					"-all_load",
					"-ObjC",
				);
				PODS_HEADERS_SEARCH_PATHS = "${PODS_PUBLIC_HEADERS_SEARCH_PATHS}";
				PODS_PUBLIC_HEADERS_SEARCH_PATHS = "\"${PODS_ROOT}/Headers\" \"${PODS_ROOT}/Headers/AFDownloadRequestOperation\" \"${PODS_ROOT}/Headers/AFNetworking\"";
				PODS_ROOT = "${SRCROOT}/Pods";
				PRODUCT_NAME = "$(TARGET_NAME)";
				WRAPPER_EXTENSION = octest;
			};
			name = Release;
		};
		AB098764171C3A560060E191 /* Debug */ = {
			isa = XCBuildConfiguration;
			baseConfigurationReference = 03C3F9113300433EA35678A0 /* Pods.xcconfig */;
			buildSettings = {
				CLANG_ENABLE_OBJC_ARC = YES;
				CLANG_WARN_CONSTANT_CONVERSION = YES;
				CLANG_WARN_ENUM_CONVERSION = YES;
				CLANG_WARN_INT_CONVERSION = YES;
				"CODE_SIGN_IDENTITY[sdk=iphoneos*]" = "iPhone Developer";
				GCC_PRECOMPILE_PREFIX_HEADER = YES;
				GCC_PREFIX_HEADER = "TMGeneralApp/TMGeneralApp-Prefix.pch";
				HEADER_SEARCH_PATHS = "${PODS_HEADERS_SEARCH_PATHS}";
				INFOPLIST_FILE = "TMGeneralApp/TMGeneralApp-Info.plist";
				IPHONEOS_DEPLOYMENT_TARGET = 5.0;
				PRODUCT_NAME = "$(TARGET_NAME)";
				WRAPPER_EXTENSION = app;
			};
			name = Debug;
		};
		AB098765171C3A560060E191 /* Release */ = {
			isa = XCBuildConfiguration;
			baseConfigurationReference = 03C3F9113300433EA35678A0 /* Pods.xcconfig */;
			buildSettings = {
				CLANG_ENABLE_OBJC_ARC = YES;
				CLANG_WARN_CONSTANT_CONVERSION = YES;
				CLANG_WARN_ENUM_CONVERSION = YES;
				CLANG_WARN_INT_CONVERSION = YES;
				"CODE_SIGN_IDENTITY[sdk=iphoneos*]" = "iPhone Developer";
				GCC_PRECOMPILE_PREFIX_HEADER = YES;
				GCC_PREFIX_HEADER = "TMGeneralApp/TMGeneralApp-Prefix.pch";
				HEADER_SEARCH_PATHS = "${PODS_HEADERS_SEARCH_PATHS}";
				INFOPLIST_FILE = "TMGeneralApp/TMGeneralApp-Info.plist";
				IPHONEOS_DEPLOYMENT_TARGET = 5.0;
				OTHER_CFLAGS = "-DNS_BLOCK_ASSERTIONS=1";
				PRODUCT_NAME = "$(TARGET_NAME)";
				WRAPPER_EXTENSION = app;
			};
			name = Release;
		};
		AB098766171C3A560060E191 /* Debug */ = {
			isa = XCBuildConfiguration;
			baseConfigurationReference = 03C3F9113300433EA35678A0 /* Pods.xcconfig */;
			buildSettings = {
				BUNDLE_LOADER = "$(BUILT_PRODUCTS_DIR)/TMGeneralApp.app/TMGeneralApp";
				CLANG_ENABLE_OBJC_ARC = YES;
				CLANG_WARN_CONSTANT_CONVERSION = YES;
				CLANG_WARN_ENUM_CONVERSION = YES;
				CLANG_WARN_INT_CONVERSION = YES;
				FRAMEWORK_SEARCH_PATHS = (
					"\"$(SDKROOT)/Developer/Library/Frameworks\"",
					"\"$(DEVELOPER_LIBRARY_DIR)/Frameworks\"",
				);
				GCC_PRECOMPILE_PREFIX_HEADER = YES;
				GCC_PREFIX_HEADER = "TMGeneralApp/TMGeneralApp-Prefix.pch";
				HEADER_SEARCH_PATHS = "${PODS_HEADERS_SEARCH_PATHS}";
				INFOPLIST_FILE = "TMGeneralAppTests/TMGeneralAppTests-Info.plist";
				IPHONEOS_DEPLOYMENT_TARGET = 6.1;
				PRODUCT_NAME = "$(TARGET_NAME)";
				TEST_HOST = "$(BUNDLE_LOADER)";
				WRAPPER_EXTENSION = octest;
			};
			name = Debug;
		};
		AB098767171C3A560060E191 /* Release */ = {
			isa = XCBuildConfiguration;
			baseConfigurationReference = 03C3F9113300433EA35678A0 /* Pods.xcconfig */;
			buildSettings = {
				BUNDLE_LOADER = "$(BUILT_PRODUCTS_DIR)/TMGeneralApp.app/TMGeneralApp";
				CLANG_ENABLE_OBJC_ARC = YES;
				CLANG_WARN_CONSTANT_CONVERSION = YES;
				CLANG_WARN_ENUM_CONVERSION = YES;
				CLANG_WARN_INT_CONVERSION = YES;
				FRAMEWORK_SEARCH_PATHS = (
					"\"$(SDKROOT)/Developer/Library/Frameworks\"",
					"\"$(DEVELOPER_LIBRARY_DIR)/Frameworks\"",
				);
				GCC_PRECOMPILE_PREFIX_HEADER = YES;
				GCC_PREFIX_HEADER = "TMGeneralApp/TMGeneralApp-Prefix.pch";
				HEADER_SEARCH_PATHS = "${PODS_HEADERS_SEARCH_PATHS}";
				INFOPLIST_FILE = "TMGeneralAppTests/TMGeneralAppTests-Info.plist";
				IPHONEOS_DEPLOYMENT_TARGET = 6.1;
				PRODUCT_NAME = "$(TARGET_NAME)";
				TEST_HOST = "$(BUNDLE_LOADER)";
				WRAPPER_EXTENSION = octest;
			};
			name = Release;
		};
		AB4D7B2D1658B0F300B5A2C3 /* Debug */ = {
			isa = XCBuildConfiguration;
			buildSettings = {
				ALWAYS_SEARCH_USER_PATHS = NO;
				CLANG_CXX_LANGUAGE_STANDARD = "gnu++0x";
				CLANG_CXX_LIBRARY = "libc++";
				CLANG_WARN_EMPTY_BODY = YES;
				CLANG_WARN__DUPLICATE_METHOD_MATCH = YES;
				COPY_PHASE_STRIP = NO;
				GCC_C_LANGUAGE_STANDARD = gnu99;
				GCC_DYNAMIC_NO_PIC = NO;
				GCC_OPTIMIZATION_LEVEL = 0;
				GCC_PREPROCESSOR_DEFINITIONS = (
					"DEBUG=1",
					"$(inherited)",
				);
				GCC_SYMBOLS_PRIVATE_EXTERN = NO;
				GCC_WARN_ABOUT_RETURN_TYPE = YES;
				GCC_WARN_UNINITIALIZED_AUTOS = YES;
				GCC_WARN_UNUSED_VARIABLE = YES;
				IPHONEOS_DEPLOYMENT_TARGET = 5.0;
				ONLY_ACTIVE_ARCH = YES;
				SDKROOT = iphoneos;
			};
			name = Debug;
		};
		AB4D7B2E1658B0F300B5A2C3 /* Release */ = {
			isa = XCBuildConfiguration;
			buildSettings = {
				ALWAYS_SEARCH_USER_PATHS = NO;
				CLANG_CXX_LANGUAGE_STANDARD = "gnu++0x";
				CLANG_CXX_LIBRARY = "libc++";
				CLANG_WARN_EMPTY_BODY = YES;
				CLANG_WARN__DUPLICATE_METHOD_MATCH = YES;
				COPY_PHASE_STRIP = YES;
				GCC_C_LANGUAGE_STANDARD = gnu99;
				GCC_WARN_ABOUT_RETURN_TYPE = YES;
				GCC_WARN_UNINITIALIZED_AUTOS = YES;
				GCC_WARN_UNUSED_VARIABLE = YES;
				IPHONEOS_DEPLOYMENT_TARGET = 5.0;
				SDKROOT = iphoneos;
				VALIDATE_PRODUCT = YES;
			};
			name = Release;
		};
		AB4D7B301658B0F300B5A2C3 /* Debug */ = {
			isa = XCBuildConfiguration;
			baseConfigurationReference = 03C3F9113300433EA35678A0 /* Pods.xcconfig */;
			buildSettings = {
				CLANG_ENABLE_OBJC_ARC = YES;
				DSTROOT = /tmp/TMGeneral.dst;
				GCC_PRECOMPILE_PREFIX_HEADER = YES;
				GCC_PREFIX_HEADER = "TMGeneral/TMGeneral-Prefix.pch";
				IPHONEOS_DEPLOYMENT_TARGET = 5.0;
				OTHER_LDFLAGS = "-ObjC";
				PRODUCT_NAME = "$(TARGET_NAME)";
				SKIP_INSTALL = YES;
			};
			name = Debug;
		};
		AB4D7B311658B0F300B5A2C3 /* Release */ = {
			isa = XCBuildConfiguration;
			baseConfigurationReference = 03C3F9113300433EA35678A0 /* Pods.xcconfig */;
			buildSettings = {
				CLANG_ENABLE_OBJC_ARC = YES;
				DSTROOT = /tmp/TMGeneral.dst;
				GCC_PRECOMPILE_PREFIX_HEADER = YES;
				GCC_PREFIX_HEADER = "TMGeneral/TMGeneral-Prefix.pch";
				IPHONEOS_DEPLOYMENT_TARGET = 5.0;
				OTHER_LDFLAGS = "-ObjC";
				PRODUCT_NAME = "$(TARGET_NAME)";
				SKIP_INSTALL = YES;
			};
			name = Release;
		};
/* End XCBuildConfiguration section */

/* Begin XCConfigurationList section */
		AB0929191681C52E0039704D /* Build configuration list for PBXNativeTarget "TMGeneralUnitTest" */ = {
			isa = XCConfigurationList;
			buildConfigurations = (
				AB09291A1681C52E0039704D /* Debug */,
				AB09291B1681C52E0039704D /* Release */,
			);
			defaultConfigurationIsVisible = 0;
			defaultConfigurationName = Release;
		};
		AB098768171C3A560060E191 /* Build configuration list for PBXNativeTarget "TMGeneralApp" */ = {
			isa = XCConfigurationList;
			buildConfigurations = (
				AB098764171C3A560060E191 /* Debug */,
				AB098765171C3A560060E191 /* Release */,
			);
			defaultConfigurationIsVisible = 0;
			defaultConfigurationName = Release;
		};
		AB098769171C3A560060E191 /* Build configuration list for PBXNativeTarget "TMGeneralAppTests" */ = {
			isa = XCConfigurationList;
			buildConfigurations = (
				AB098766171C3A560060E191 /* Debug */,
				AB098767171C3A560060E191 /* Release */,
			);
			defaultConfigurationIsVisible = 0;
			defaultConfigurationName = Release;
		};
		AB4D7B1B1658B0F300B5A2C3 /* Build configuration list for PBXProject "TMGeneral" */ = {
			isa = XCConfigurationList;
			buildConfigurations = (
				AB4D7B2D1658B0F300B5A2C3 /* Debug */,
				AB4D7B2E1658B0F300B5A2C3 /* Release */,
			);
			defaultConfigurationIsVisible = 0;
			defaultConfigurationName = Release;
		};
		AB4D7B2F1658B0F300B5A2C3 /* Build configuration list for PBXNativeTarget "TMGeneral" */ = {
			isa = XCConfigurationList;
			buildConfigurations = (
				AB4D7B301658B0F300B5A2C3 /* Debug */,
				AB4D7B311658B0F300B5A2C3 /* Release */,
			);
			defaultConfigurationIsVisible = 0;
			defaultConfigurationName = Release;
		};
/* End XCConfigurationList section */

/* Begin XCVersionGroup section */
		AB0928FF1681C4E30039704D /* TMGeneralDataModel.xcdatamodeld */ = {
			isa = XCVersionGroup;
			children = (
				AB0988E5172657D00060E191 /* TMGeneralDataModel 2.xcdatamodel */,
				AB0929001681C4E30039704D /* TMGeneralDataModel.xcdatamodel */,
			);
			currentVersion = AB0988E5172657D00060E191 /* TMGeneralDataModel 2.xcdatamodel */;
			path = TMGeneralDataModel.xcdatamodeld;
			sourceTree = "<group>";
			versionGroupType = wrapper.xcdatamodel;
		};
/* End XCVersionGroup section */
	};
	rootObject = AB4D7B181658B0F300B5A2C3 /* Project object */;
}
